
Microsoft Visual Studio Solution File, Format Version 12.00
# Visual Studio Version 17
VisualStudioVersion = 17.0.31903.59
MinimumVisualStudioVersion = 10.0.40219.1
Project("{2150E333-8FDC-42A3-9474-1A3956D46DE8}") = "src", "src", "{827E0CD3-B72D-47B6-A68D-7590B98EB39B}"
EndProject
Project("{FAE04EC0-301F-11D3-BF4B-00C04F79EFBC}") = "RehabAI.Api", "src\RehabAI.Api\RehabAI.Api.csproj", "{CDA9126D-7DA6-47BF-9B95-FC78CBE7040D}"
EndProject
Project("{FAE04EC0-301F-11D3-BF4B-00C04F79EFBC}") = "RehabAI.Application", "src\RehabAI.Application\RehabAI.Application.csproj", "{A471327A-57B4-4A3B-A441-9138159EF63F}"
EndProject
Project("{FAE04EC0-301F-11D3-BF4B-00C04F79EFBC}") = "RehabAI.Domain", "src\RehabAI.Domain\RehabAI.Domain.csproj", "{7165E983-E2E0-4327-A8C4-2DF007698A6B}"
EndProject
Project("{FAE04EC0-301F-11D3-BF4B-00C04F79EFBC}") = "RehabAI.Infrastructure", "src\RehabAI.Infrastructure\RehabAI.Infrastructure.csproj", "{D3EA1004-111E-45D0-BD89-68AF7DF6FE34}"
EndProject
Project("{FAE04EC0-301F-11D3-BF4B-00C04F79EFBC}") = "RehabAI.UnitTests", "tests\RehabAI.UnitTests\RehabAI.UnitTests.csproj", "{34FD5BB3-F0A6-4843-8D61-CECDAA77D382}"
EndProject
Project("{FAE04EC0-301F-11D3-BF4B-00C04F79EFBC}") = "RehabAI.IntegrationTests", "tests\RehabAI.IntegrationTests\RehabAI.IntegrationTests.csproj", "{EB28C2FE-570F-494B-947F-47E1BACF4754}"
EndProject
Global
	GlobalSection(SolutionConfigurationPlatforms) = preSolution
		Debug|Any CPU = Debug|Any CPU
		Debug|x64 = Debug|x64
		Debug|x86 = Debug|x86
		Release|Any CPU = Release|Any CPU
		Release|x64 = Release|x64
		Release|x86 = Release|x86
	EndGlobalSection
	GlobalSection(ProjectConfigurationPlatforms) = postSolution
		{CDA9126D-7DA6-47BF-9B95-FC78CBE7040D}.Debug|Any CPU.ActiveCfg = Debug|Any CPU
		{CDA9126D-7DA6-47BF-9B95-FC78CBE7040D}.Debug|Any CPU.Build.0 = Debug|Any CPU
		{CDA9126D-7DA6-47BF-9B95-FC78CBE7040D}.Debug|x64.ActiveCfg = Debug|Any CPU
		{CDA9126D-7DA6-47BF-9B95-FC78CBE7040D}.Debug|x64.Build.0 = Debug|Any CPU
		{CDA9126D-7DA6-47BF-9B95-FC78CBE7040D}.Debug|x86.ActiveCfg = Debug|Any CPU
		{CDA9126D-7DA6-47BF-9B95-FC78CBE7040D}.Debug|x86.Build.0 = Debug|Any CPU
		{CDA9126D-7DA6-47BF-9B95-FC78CBE7040D}.Release|Any CPU.ActiveCfg = Release|Any CPU
		{CDA9126D-7DA6-47BF-9B95-FC78CBE7040D}.Release|Any CPU.Build.0 = Release|Any CPU
		{CDA9126D-7DA6-47BF-9B95-FC78CBE7040D}.Release|x64.ActiveCfg = Release|Any CPU
		{CDA9126D-7DA6-47BF-9B95-FC78CBE7040D}.Release|x64.Build.0 = Release|Any CPU
		{CDA9126D-7DA6-47BF-9B95-FC78CBE7040D}.Release|x86.ActiveCfg = Release|Any CPU
		{CDA9126D-7DA6-47BF-9B95-FC78CBE7040D}.Release|x86.Build.0 = Release|Any CPU
		{A471327A-57B4-4A3B-A441-9138159EF63F}.Debug|Any CPU.ActiveCfg = Debug|Any CPU
		{A471327A-57B4-4A3B-A441-9138159EF63F}.Debug|Any CPU.Build.0 = Debug|Any CPU
		{A471327A-57B4-4A3B-A441-9138159EF63F}.Debug|x64.ActiveCfg = Debug|Any CPU
		{A471327A-57B4-4A3B-A441-9138159EF63F}.Debug|x64.Build.0 = Debug|Any CPU
		{A471327A-57B4-4A3B-A441-9138159EF63F}.Debug|x86.ActiveCfg = Debug|Any CPU
		{A471327A-57B4-4A3B-A441-9138159EF63F}.Debug|x86.Build.0 = Debug|Any CPU
		{A471327A-57B4-4A3B-A441-9138159EF63F}.Release|Any CPU.ActiveCfg = Release|Any CPU
		{A471327A-57B4-4A3B-A441-9138159EF63F}.Release|Any CPU.Build.0 = Release|Any CPU
		{A471327A-57B4-4A3B-A441-9138159EF63F}.Release|x64.ActiveCfg = Release|Any CPU
		{A471327A-57B4-4A3B-A441-9138159EF63F}.Release|x64.Build.0 = Release|Any CPU
		{A471327A-57B4-4A3B-A441-9138159EF63F}.Release|x86.ActiveCfg = Release|Any CPU
		{A471327A-57B4-4A3B-A441-9138159EF63F}.Release|x86.Build.0 = Release|Any CPU
		{7165E983-E2E0-4327-A8C4-2DF007698A6B}.Debug|Any CPU.ActiveCfg = Debug|Any CPU
		{7165E983-E2E0-4327-A8C4-2DF007698A6B}.Debug|Any CPU.Build.0 = Debug|Any CPU
		{7165E983-E2E0-4327-A8C4-2DF007698A6B}.Debug|x64.ActiveCfg = Debug|Any CPU
		{7165E983-E2E0-4327-A8C4-2DF007698A6B}.Debug|x64.Build.0 = Debug|Any CPU
		{7165E983-E2E0-4327-A8C4-2DF007698A6B}.Debug|x86.ActiveCfg = Debug|Any CPU
		{7165E983-E2E0-4327-A8C4-2DF007698A6B}.Debug|x86.Build.0 = Debug|Any CPU
		{7165E983-E2E0-4327-A8C4-2DF007698A6B}.Release|Any CPU.ActiveCfg = Release|Any CPU
		{7165E983-E2E0-4327-A8C4-2DF007698A6B}.Release|Any CPU.Build.0 = Release|Any CPU
		{7165E983-E2E0-4327-A8C4-2DF007698A6B}.Release|x64.ActiveCfg = Release|Any CPU
		{7165E983-E2E0-4327-A8C4-2DF007698A6B}.Release|x64.Build.0 = Release|Any CPU
		{7165E983-E2E0-4327-A8C4-2DF007698A6B}.Release|x86.ActiveCfg = Release|Any CPU
		{7165E983-E2E0-4327-A8C4-2DF007698A6B}.Release|x86.Build.0 = Release|Any CPU
		{D3EA1004-111E-45D0-BD89-68AF7DF6FE34}.Debug|Any CPU.ActiveCfg = Debug|Any CPU
		{D3EA1004-111E-45D0-BD89-68AF7DF6FE34}.Debug|Any CPU.Build.0 = Debug|Any CPU
		{D3EA1004-111E-45D0-BD89-68AF7DF6FE34}.Debug|x64.ActiveCfg = Debug|Any CPU
		{D3EA1004-111E-45D0-BD89-68AF7DF6FE34}.Debug|x64.Build.0 = Debug|Any CPU
		{D3EA1004-111E-45D0-BD89-68AF7DF6FE34}.Debug|x86.ActiveCfg = Debug|Any CPU
		{D3EA1004-111E-45D0-BD89-68AF7DF6FE34}.Debug|x86.Build.0 = Debug|Any CPU
		{D3EA1004-111E-45D0-BD89-68AF7DF6FE34}.Release|Any CPU.ActiveCfg = Release|Any CPU
		{D3EA1004-111E-45D0-BD89-68AF7DF6FE34}.Release|Any CPU.Build.0 = Release|Any CPU
		{D3EA1004-111E-45D0-BD89-68AF7DF6FE34}.Release|x64.ActiveCfg = Release|Any CPU
		{D3EA1004-111E-45D0-BD89-68AF7DF6FE34}.Release|x64.Build.0 = Release|Any CPU
		{D3EA1004-111E-45D0-BD89-68AF7DF6FE34}.Release|x86.ActiveCfg = Release|Any CPU
		{D3EA1004-111E-45D0-BD89-68AF7DF6FE34}.Release|x86.Build.0 = Release|Any CPU
		{34FD5BB3-F0A6-4843-8D61-CECDAA77D382}.Debug|Any CPU.ActiveCfg = Debug|Any CPU
		{34FD5BB3-F0A6-4843-8D61-CECDAA77D382}.Debug|Any CPU.Build.0 = Debug|Any CPU
		{34FD5BB3-F0A6-4843-8D61-CECDAA77D382}.Debug|x64.ActiveCfg = Debug|Any CPU
		{34FD5BB3-F0A6-4843-8D61-CECDAA77D382}.Debug|x64.Build.0 = Debug|Any CPU
		{34FD5BB3-F0A6-4843-8D61-CECDAA77D382}.Debug|x86.ActiveCfg = Debug|Any CPU
		{34FD5BB3-F0A6-4843-8D61-CECDAA77D382}.Debug|x86.Build.0 = Debug|Any CPU
		{34FD5BB3-F0A6-4843-8D61-CECDAA77D382}.Release|Any CPU.ActiveCfg = Release|Any CPU
		{34FD5BB3-F0A6-4843-8D61-CECDAA77D382}.Release|Any CPU.Build.0 = Release|Any CPU
		{34FD5BB3-F0A6-4843-8D61-CECDAA77D382}.Release|x64.ActiveCfg = Release|Any CPU
		{34FD5BB3-F0A6-4843-8D61-CECDAA77D382}.Release|x64.Build.0 = Release|Any CPU
		{34FD5BB3-F0A6-4843-8D61-CECDAA77D382}.Release|x86.ActiveCfg = Release|Any CPU
		{34FD5BB3-F0A6-4843-8D61-CECDAA77D382}.Release|x86.Build.0 = Release|Any CPU
		{EB28C2FE-570F-494B-947F-47E1BACF4754}.Debug|Any CPU.ActiveCfg = Debug|Any CPU
		{EB28C2FE-570F-494B-947F-47E1BACF4754}.Debug|Any CPU.Build.0 = Debug|Any CPU
		{EB28C2FE-570F-494B-947F-47E1BACF4754}.Debug|x64.ActiveCfg = Debug|Any CPU
		{EB28C2FE-570F-494B-947F-47E1BACF4754}.Debug|x64.Build.0 = Debug|Any CPU
		{EB28C2FE-570F-494B-947F-47E1BACF4754}.Debug|x86.ActiveCfg = Debug|Any CPU
		{EB28C2FE-570F-494B-947F-47E1BACF4754}.Debug|x86.Build.0 = Debug|Any CPU
		{EB28C2FE-570F-494B-947F-47E1BACF4754}.Release|Any CPU.ActiveCfg = Release|Any CPU
		{EB28C2FE-570F-494B-947F-47E1BACF4754}.Release|Any CPU.Build.0 = Release|Any CPU
		{EB28C2FE-570F-494B-947F-47E1BACF4754}.Release|x64.ActiveCfg = Release|Any CPU
		{EB28C2FE-570F-494B-947F-47E1BACF4754}.Release|x64.Build.0 = Release|Any CPU
		{EB28C2FE-570F-494B-947F-47E1BACF4754}.Release|x86.ActiveCfg = Release|Any CPU
		{EB28C2FE-570F-494B-947F-47E1BACF4754}.Release|x86.Build.0 = Release|Any CPU
	EndGlobalSection
	GlobalSection(SolutionProperties) = preSolution
		HideSolutionNode = FALSE
	EndGlobalSection
	GlobalSection(NestedProjects) = preSolution
		{CDA9126D-7DA6-47BF-9B95-FC78CBE7040D} = {827E0CD3-B72D-47B6-A68D-7590B98EB39B}
		{A471327A-57B4-4A3B-A441-9138159EF63F} = {827E0CD3-B72D-47B6-A68D-7590B98EB39B}
		{7165E983-E2E0-4327-A8C4-2DF007698A6B} = {827E0CD3-B72D-47B6-A68D-7590B98EB39B}
		{D3EA1004-111E-45D0-BD89-68AF7DF6FE34} = {827E0CD3-B72D-47B6-A68D-7590B98EB39B}
		{34FD5BB3-F0A6-4843-8D61-CECDAA77D382} = {827E0CD3-B72D-47B6-A68D-7590B98EB39B}
		{EB28C2FE-570F-494B-947F-47E1BACF4754} = {827E0CD3-B72D-47B6-A68D-7590B98EB39B}
	EndGlobalSection
EndGlobal
